// !$*UTF8*$!
{
	archiveVersion = 1;
	classes = {
	};
	objectVersion = 56;
	objects = {

/* Begin PBXBuildFile section */
		E00001 /* IronFlowApp.swift in Sources */ = {isa = PBXBuildFile; fileRef = E10001; };
		E00002 /* TokyoNightColors.swift in Sources */ = {isa = PBXBuildFile; fileRef = E10002; };
		E00003 /* TerminalStyle.swift in Sources */ = {isa = PBXBuildFile; fileRef = E10003; };
		E00004 /* Routine.swift in Sources */ = {isa = PBXBuildFile; fileRef = E10004; };
		E00005 /* WorkoutSession.swift in Sources */ = {isa = PBXBuildFile; fileRef = E10005; };
		E00006 /* SetRating.swift in Sources */ = {isa = PBXBuildFile; fileRef = E10006; };
		E00007 /* RoutineStore.swift in Sources */ = {isa = PBXBuildFile; fileRef = E10007; };
		E00008 /* RoutineListView.swift in Sources */ = {isa = PBXBuildFile; fileRef = E10008; };
		E00009 /* WorkoutFlowView.swift in Sources */ = {isa = PBXBuildFile; fileRef = E10009; };
		E00010 /* ExerciseCardView.swift in Sources */ = {isa = PBXBuildFile; fileRef = E10010; };
		E00011 /* RestTimerView.swift in Sources */ = {isa = PBXBuildFile; fileRef = E10011; };
		E00012 /* WorkoutSummaryView.swift in Sources */ = {isa = PBXBuildFile; fileRef = E10012; };
		E00013 /* RoutineEditorView.swift in Sources */ = {isa = PBXBuildFile; fileRef = E10013; };
		E00014 /* ExerciseEditorView.swift in Sources */ = {isa = PBXBuildFile; fileRef = E10014; };
		E00015 /* Assets.xcassets in Resources */ = {isa = PBXBuildFile; fileRef = E10015; };
/* End PBXBuildFile section */

/* Begin PBXFileReference section */
		E10001 /* IronFlowApp.swift */ = {isa = PBXFileReference; lastKnownFileType = sourcecode.swift; path = IronFlowApp.swift; sourceTree = "<group>"; };
		E10002 /* TokyoNightColors.swift */ = {isa = PBXFileReference; lastKnownFileType = sourcecode.swift; path = TokyoNightColors.swift; sourceTree = "<group>"; };
		E10003 /* TerminalStyle.swift */ = {isa = PBXFileReference; lastKnownFileType = sourcecode.swift; path = TerminalStyle.swift; sourceTree = "<group>"; };
		E10004 /* Routine.swift */ = {isa = PBXFileReference; lastKnownFileType = sourcecode.swift; path = Routine.swift; sourceTree = "<group>"; };
		E10005 /* WorkoutSession.swift */ = {isa = PBXFileReference; lastKnownFileType = sourcecode.swift; path = WorkoutSession.swift; sourceTree = "<group>"; };
		E10006 /* SetRating.swift */ = {isa = PBXFileReference; lastKnownFileType = sourcecode.swift; path = SetRating.swift; sourceTree = "<group>"; };
		E10007 /* RoutineStore.swift */ = {isa = PBXFileReference; lastKnownFileType = sourcecode.swift; path = RoutineStore.swift; sourceTree = "<group>"; };
		E10008 /* RoutineListView.swift */ = {isa = PBXFileReference; lastKnownFileType = sourcecode.swift; path = RoutineListView.swift; sourceTree = "<group>"; };
		E10009 /* WorkoutFlowView.swift */ = {isa = PBXFileReference; lastKnownFileType = sourcecode.swift; path = WorkoutFlowView.swift; sourceTree = "<group>"; };
		E10010 /* ExerciseCardView.swift */ = {isa = PBXFileReference; lastKnownFileType = sourcecode.swift; path = ExerciseCardView.swift; sourceTree = "<group>"; };
		E10011 /* RestTimerView.swift */ = {isa = PBXFileReference; lastKnownFileType = sourcecode.swift; path = RestTimerView.swift; sourceTree = "<group>"; };
		E10012 /* WorkoutSummaryView.swift */ = {isa = PBXFileReference; lastKnownFileType = sourcecode.swift; path = WorkoutSummaryView.swift; sourceTree = "<group>"; };
		E10013 /* RoutineEditorView.swift */ = {isa = PBXFileReference; lastKnownFileType = sourcecode.swift; path = RoutineEditorView.swift; sourceTree = "<group>"; };
		E10014 /* ExerciseEditorView.swift */ = {isa = PBXFileReference; lastKnownFileType = sourcecode.swift; path = ExerciseEditorView.swift; sourceTree = "<group>"; };
		E10015 /* Assets.xcassets */ = {isa = PBXFileReference; lastKnownFileType = folder.assetcatalog; path = Assets.xcassets; sourceTree = "<group>"; };
		E10099 /* IronFlow.app */ = {isa = PBXFileReference; explicitFileType = wrapper.application; includeInIndex = 0; path = IronFlow.app; sourceTree = BUILT_PRODUCTS_DIR; };
/* End PBXFileReference section */

/* Begin PBXFrameworksBuildPhase section */
		E30001 /* Frameworks */ = {
			isa = PBXFrameworksBuildPhase;
			buildActionMask = 2147483647;
			files = (
			);
			runOnlyForDeploymentPostprocessing = 0;
		};
/* End PBXFrameworksBuildPhase section */

/* Begin PBXGroup section */
		E20001 /* Root */ = {
			isa = PBXGroup;
			children = (
				E20002 /* IronFlow */,
				E20099 /* Products */,
			);
			sourceTree = "<group>";
		};
		E20002 /* IronFlow */ = {
			isa = PBXGroup;
			children = (
				E10001 /* IronFlowApp.swift */,
				E20003 /* Theme */,
				E20004 /* Models */,
				E20005 /* Storage */,
				E20006 /* Views */,
				E10015 /* Assets.xcassets */,
			);
			path = IronFlow;
			sourceTree = "<group>";
		};
		E20003 /* Theme */ = {
			isa = PBXGroup;
			children = (
				E10002 /* TokyoNightColors.swift */,
				E10003 /* TerminalStyle.swift */,
			);
			path = Theme;
			sourceTree = "<group>";
		};
		E20004 /* Models */ = {
			isa = PBXGroup;
			children = (
				E10004 /* Routine.swift */,
				E10005 /* WorkoutSession.swift */,
				E10006 /* SetRating.swift */,
			);
			path = Models;
			sourceTree = "<group>";
		};
		E20005 /* Storage */ = {
			isa = PBXGroup;
			children = (
				E10007 /* RoutineStore.swift */,
			);
			path = Storage;
			sourceTree = "<group>";
		};
		E20006 /* Views */ = {
			isa = PBXGroup;
			children = (
				E10008 /* RoutineListView.swift */,
				E20007 /* Workout */,
				E20008 /* Editor */,
			);
			path = Views;
			sourceTree = "<group>";
		};
		E20007 /* Workout */ = {
			isa = PBXGroup;
			children = (
				E10009 /* WorkoutFlowView.swift */,
				E10010 /* ExerciseCardView.swift */,
				E10011 /* RestTimerView.swift */,
				E10012 /* WorkoutSummaryView.swift */,
			);
			path = Workout;
			sourceTree = "<group>";
		};
		E20008 /* Editor */ = {
			isa = PBXGroup;
			children = (
				E10013 /* RoutineEditorView.swift */,
				E10014 /* ExerciseEditorView.swift */,
			);
			path = Editor;
			sourceTree = "<group>";
		};
		E20099 /* Products */ = {
			isa = PBXGroup;
			children = (
				E10099 /* IronFlow.app */,
			);
			name = Products;
			sourceTree = "<group>";
		};
/* End PBXGroup section */

/* Begin PBXNativeTarget section */
		E40001 /* IronFlow */ = {
			isa = PBXNativeTarget;
			buildConfigurationList = E60002 /* Build configuration list for PBXNativeTarget "IronFlow" */;
			buildPhases = (
				E50001 /* Sources */,
				E30001 /* Frameworks */,
				E50002 /* Resources */,
			);
			buildRules = (
			);
			dependencies = (
			);
			name = IronFlow;
			productName = IronFlow;
			productReference = E10099 /* IronFlow.app */;
			productType = "com.apple.product-type.application";
		};
/* End PBXNativeTarget section */

/* Begin PBXProject section */
		E40099 /* Project object */ = {
			isa = PBXProject;
			attributes = {
				BuildIndependentTargetsInParallel = 1;
				LastSwiftUpdateCheck = 1500;
				LastUpgradeCheck = 1500;
				TargetAttributes = {
					E40001 = {
						CreatedOnToolsVersion = 15.0;
					};
				};
			};
			buildConfigurationList = E60001 /* Build configuration list for PBXProject "IronFlow" */;
			compatibilityVersion = "Xcode 14.0";
			developmentRegion = en;
			hasScannedForEncodings = 0;
			knownRegions = (
				en,
				Base,
			);
			mainGroup = E20001;
			productRefGroup = E20099 /* Products */;
			projectDirPath = "";
			projectRoot = "";
			targets = (
				E40001 /* IronFlow */,
			);
		};
/* End PBXProject section */

/* Begin PBXResourcesBuildPhase section */
		E50002 /* Resources */ = {
			isa = PBXResourcesBuildPhase;
			buildActionMask = 2147483647;
			files = (
				E00015 /* Assets.xcassets in Resources */,
			);
			runOnlyForDeploymentPostprocessing = 0;
		};
/* End PBXResourcesBuildPhase section */

/* Begin PBXSourcesBuildPhase section */
		E50001 /* Sources */ = {
			isa = PBXSourcesBuildPhase;
			buildActionMask = 2147483647;
			files = (
				E00001 /* IronFlowApp.swift in Sources */,
				E00002 /* TokyoNightColors.swift in Sources */,
				E00003 /* TerminalStyle.swift in Sources */,
				E00004 /* Routine.swift in Sources */,
				E00005 /* WorkoutSession.swift in Sources */,
				E00006 /* SetRating.swift in Sources */,
				E00007 /* RoutineStore.swift in Sources */,
				E00008 /* RoutineListView.swift in Sources */,
				E00009 /* WorkoutFlowView.swift in Sources */,
				E00010 /* ExerciseCardView.swift in Sources */,
				E00011 /* RestTimerView.swift in Sources */,
				E00012 /* WorkoutSummaryView.swift in Sources */,
				E00013 /* RoutineEditorView.swift in Sources */,
				E00014 /* ExerciseEditorView.swift in Sources */,
			);
			runOnlyForDeploymentPostprocessing = 0;
		};
/* End PBXSourcesBuildPhase section */

/* Begin XCBuildConfiguration section */
		E70001 /* Debug */ = {
			isa = XCBuildConfiguration;
			buildSettings = {
				ALWAYS_SEARCH_USER_PATHS = NO;
				ASSETCATALOG_COMPILER_GENERATE_SWIFT_ASSET_SYMBOL_EXTENSIONS = YES;
				CLANG_ANALYZER_NONNULL = YES;
				CLANG_ANALYZER_NUMBER_OBJECT_CONVERSION = YES_AGGRESSIVE;
				CLANG_CXX_LANGUAGE_STANDARD = "gnu++20";
				CLANG_ENABLE_MODULES = YES;
				CLANG_ENABLE_OBJC_ARC = YES;
				CLANG_ENABLE_OBJC_WEAK = YES;
				CLANG_WARN_BLOCK_CAPTURE_AUTORELEASING = YES;
				CLANG_WARN_BOOL_CONVERSION = YES;
				CLANG_WARN_COMMA = YES;
				CLANG_WARN_CONSTANT_CONVERSION = YES;
				CLANG_WARN_DEPRECATED_OBJC_IMPLEMENTATIONS = YES;
				CLANG_WARN_DIRECT_OBJC_ISA_USAGE = YES_ERROR;
				CLANG_WARN_DOCUMENTATION_COMMENTS = YES;
				CLANG_WARN_EMPTY_BODY = YES;
				CLANG_WARN_ENUM_CONVERSION = YES;
				CLANG_WARN_INFINITE_RECURSION = YES;
				CLANG_WARN_INT_CONVERSION = YES;
				CLANG_WARN_NON_LITERAL_NULL_CONVERSION = YES;
				CLANG_WARN_OBJC_IMPLICIT_RETAIN_SELF = YES;
				CLANG_WARN_OBJC_LITERAL_CONVERSION = YES;
				CLANG_WARN_OBJC_ROOT_CLASS = YES_ERROR;
				CLANG_WARN_QUOTED_INCLUDE_IN_FRAMEWORK_HEADER = YES;
				CLANG_WARN_RANGE_LOOP_ANALYSIS = YES;
				CLANG_WARN_STRICT_PROTOTYPES = YES;
				CLANG_WARN_SUSPICIOUS_MOVE = YES;
				CLANG_WARN_UNGUARDED_AVAILABILITY = YES_AGGRESSIVE;
				CLANG_WARN_UNREACHABLE_CODE = YES;
				CLANG_WARN__DUPLICATE_METHOD_MATCH = YES;
				COPY_PHASE_STRIP = NO;
				DEBUG_INFORMATION_FORMAT = dwarf;
				ENABLE_STRICT_OBJC_MSGSEND = YES;
				ENABLE_TESTABILITY = YES;
				ENABLE_USER_SCRIPT_SANDBOXING = YES;
				GCC_C_LANGUAGE_STANDARD = gnu17;
				GCC_DYNAMIC_NO_PIC = NO;
				GCC_NO_COMMON_BLOCKS = YES;
				GCC_OPTIMIZATION_LEVEL = 0;
				GCC_PREPROCESSOR_DEFINITIONS = (
					"DEBUG=1",
					"$(inherited)",
				);
				GCC_WARN_64_TO_32_BIT_CONVERSION = YES;
				GCC_WARN_ABOUT_RETURN_TYPE = YES_ERROR;
				GCC_WARN_UNDECLARED_SELECTOR = YES;
				GCC_WARN_UNINITIALIZED_AUTOS = YES_AGGRESSIVE;
				GCC_WARN_UNUSED_FUNCTION = YES;
				GCC_WARN_UNUSED_VARIABLE = YES;
				IPHONEOS_DEPLOYMENT_TARGET = 17.0;
				MTL_ENABLE_DEBUG_INFO = INCLUDE_SOURCE;
				MTL_FAST_MATH = YES;
				ONLY_ACTIVE_ARCH = YES;
				SDKROOT = iphoneos;
				SWIFT_ACTIVE_COMPILATION_CONDITIONS = "DEBUG $(inherited)";
				SWIFT_OPTIMIZATION_LEVEL = "-Onone";
			};
			name = Debug;
		};
		E70002 /* Release */ = {
			isa = XCBuildConfiguration;
			buildSettings = {
				ALWAYS_SEARCH_USER_PATHS = NO;
				ASSETCATALOG_COMPILER_GENERATE_SWIFT_ASSET_SYMBOL_EXTENSIONS = YES;
				CLANG_ANALYZER_NONNULL = YES;
				CLANG_ANALYZER_NUMBER_OBJECT_CONVERSION = YES_AGGRESSIVE;
				CLANG_CXX_LANGUAGE_STANDARD = "gnu++20";
				CLANG_ENABLE_MODULES = YES;
				CLANG_ENABLE_OBJC_ARC = YES;
				CLANG_ENABLE_OBJC_WEAK = YES;
				CLANG_WARN_BLOCK_CAPTURE_AUTORELEASING = YES;
				CLANG_WARN_BOOL_CONVERSION = YES;
				CLANG_WARN_COMMA = YES;
				CLANG_WARN_CONSTANT_CONVERSION = YES;
				CLANG_WARN_DEPRECATED_OBJC_IMPLEMENTATIONS = YES;
				CLANG_WARN_DIRECT_OBJC_ISA_USAGE = YES_ERROR;
				CLANG_WARN_DOCUMENTATION_COMMENTS = YES;
				CLANG_WARN_EMPTY_BODY = YES;
				CLANG_WARN_ENUM_CONVERSION = YES;
				CLANG_WARN_INFINITE_RECURSION = YES;
				CLANG_WARN_INT_CONVERSION = YES;
				CLANG_WARN_NON_LITERAL_NULL_CONVERSION = YES;
				CLANG_WARN_OBJC_IMPLICIT_RETAIN_SELF = YES;
				CLANG_WARN_OBJC_LITERAL_CONVERSION = YES;
				CLANG_WARN_OBJC_ROOT_CLASS = YES_ERROR;
				CLANG_WARN_QUOTED_INCLUDE_IN_FRAMEWORK_HEADER = YES;
				CLANG_WARN_RANGE_LOOP_ANALYSIS = YES;
				CLANG_WARN_STRICT_PROTOTYPES = YES;
				CLANG_WARN_SUSPICIOUS_MOVE = YES;
				CLANG_WARN_UNGUARDED_AVAILABILITY = YES_AGGRESSIVE;
				CLANG_WARN_UNREACHABLE_CODE = YES;
				CLANG_WARN__DUPLICATE_METHOD_MATCH = YES;
				COPY_PHASE_STRIP = NO;
				DEBUG_INFORMATION_FORMAT = "dwarf-with-dsym";
				ENABLE_NS_ASSERTIONS = NO;
				ENABLE_STRICT_OBJC_MSGSEND = YES;
				ENABLE_USER_SCRIPT_SANDBOXING = YES;
				GCC_C_LANGUAGE_STANDARD = gnu17;
				GCC_NO_COMMON_BLOCKS = YES;
				GCC_WARN_64_TO_32_BIT_CONVERSION = YES;
				GCC_WARN_ABOUT_RETURN_TYPE = YES_ERROR;
				GCC_WARN_UNDECLARED_SELECTOR = YES;
				GCC_WARN_UNINITIALIZED_AUTOS = YES_AGGRESSIVE;
				GCC_WARN_UNUSED_FUNCTION = YES;
				GCC_WARN_UNUSED_VARIABLE = YES;
				IPHONEOS_DEPLOYMENT_TARGET = 17.0;
				MTL_ENABLE_DEBUG_INFO = NO;
				MTL_FAST_MATH = YES;
				SDKROOT = iphoneos;
				SWIFT_COMPILATION_MODE = wholemodule;
				VALIDATE_PRODUCT = YES;
			};
			name = Release;
		};
		E70003 /* Debug */ = {
			isa = XCBuildConfiguration;
			buildSettings = {
				ASSETCATALOG_COMPILER_APPICON_NAME = AppIcon;
				ASSETCATALOG_COMPILER_GLOBAL_ACCENT_COLOR_NAME = AccentColor;
				CODE_SIGN_STYLE = Automatic;
				CURRENT_PROJECT_VERSION = 1;
				DEVELOPMENT_TEAM = "";
				GENERATE_INFOPLIST_FILE = YES;
				INFOPLIST_KEY_CFBundleDisplayName = IronFlow;
				INFOPLIST_KEY_UIApplicationSceneManifest_Generation = YES;
				INFOPLIST_KEY_UIApplicationSupportsIndirectInputEvents = YES;
				INFOPLIST_KEY_UILaunchScreen_Generation = YES;
				INFOPLIST_KEY_UISupportedInterfaceOrientations = UIInterfaceOrientationPortrait;
				INFOPLIST_KEY_UISupportedInterfaceOrientations_iPad = "UIInterfaceOrientationPortrait UIInterfaceOrientationPortraitUpsideDown UIInterfaceOrientationLandscapeLeft UIInterfaceOrientationLandscapeRight";
				LD_RUNPATH_SEARCH_PATHS = (
					"$(inherited)",
					"@executable_path/Frameworks",
				);
				MARKETING_VERSION = 1.0;
				PRODUCT_BUNDLE_IDENTIFIER = com.alexomand.IronFlow;
				PRODUCT_NAME = "$(TARGET_NAME)";
				SUPPORTED_PLATFORMS = "iphoneos iphonesimulator";
				SUPPORTS_MACCATALYST = NO;
				SWIFT_EMIT_LOC_STRINGS = YES;
				SWIFT_VERSION = 5.0;
				TARGETED_DEVICE_FAMILY = 1;
			};
			name = Debug;
		};
		E70004 /* Release */ = {
			isa = XCBuildConfiguration;
			buildSettings = {
				ASSETCATALOG_COMPILER_APPICON_NAME = AppIcon;
				ASSETCATALOG_COMPILER_GLOBAL_ACCENT_COLOR_NAME = AccentColor;
				CODE_SIGN_STYLE = Automatic;
				CURRENT_PROJECT_VERSION = 1;
				DEVELOPMENT_TEAM = "";
				GENERATE_INFOPLIST_FILE = YES;
				INFOPLIST_KEY_CFBundleDisplayName = IronFlow;
				INFOPLIST_KEY_UIApplicationSceneManifest_Generation = YES;
				INFOPLIST_KEY_UIApplicationSupportsIndirectInputEvents = YES;
				INFOPLIST_KEY_UILaunchScreen_Generation = YES;
				INFOPLIST_KEY_UISupportedInterfaceOrientations = UIInterfaceOrientationPortrait;
				INFOPLIST_KEY_UISupportedInterfaceOrientations_iPad = "UIInterfaceOrientationPortrait UIInterfaceOrientationPortraitUpsideDown UIInterfaceOrientationLandscapeLeft UIInterfaceOrientationLandscapeRight";
				LD_RUNPATH_SEARCH_PATHS = (
					"$(inherited)",
					"@executable_path/Frameworks",
				);
				MARKETING_VERSION = 1.0;
				PRODUCT_BUNDLE_IDENTIFIER = com.alexomand.IronFlow;
				PRODUCT_NAME = "$(TARGET_NAME)";
				SUPPORTED_PLATFORMS = "iphoneos iphonesimulator";
				SUPPORTS_MACCATALYST = NO;
				SWIFT_EMIT_LOC_STRINGS = YES;
				SWIFT_VERSION = 5.0;
				TARGETED_DEVICE_FAMILY = 1;
			};
			name = Release;
		};
/* End XCBuildConfiguration section */

/* Begin XCConfigurationList section */
		E60001 /* Build configuration list for PBXProject "IronFlow" */ = {
			isa = XCConfigurationList;
			buildConfigurations = (
				E70001 /* Debug */,
				E70002 /* Release */,
			);
			defaultConfigurationIsVisible = 0;
			defaultConfigurationName = Release;
		};
		E60002 /* Build configuration list for PBXNativeTarget "IronFlow" */ = {
			isa = XCConfigurationList;
			buildConfigurations = (
				E70003 /* Debug */,
				E70004 /* Release */,
			);
			defaultConfigurationIsVisible = 0;
			defaultConfigurationName = Release;
		};
/* End XCConfigurationList section */
	};
	rootObject = E40099 /* Project object */;
}
